<?xml version="1.0" encoding="UTF-8" standalone="yes" ?>
<CodeBlocks_project_file>
	<FileVersion major="1" minor="6" />
	<Project>
		<Option title="Practica4" />
		<Option pch_mode="2" />
		<Option compiler="gcc" />
		<Build>
			<Target title="Debug">
				<Option output="bin/Debug/Practica4" prefix_auto="1" extension_auto="1" />
				<Option object_output="obj/Debug/" />
				<Option type="1" />
				<Option compiler="gcc" />
				<Compiler>
					<Add option="-g" />
					<Add directory="include" />
				</Compiler>
			</Target>
			<Target title="Release">
				<Option output="bin/Release/Practica4" prefix_auto="1" extension_auto="1" />
				<Option object_output="obj/Release/" />
				<Option type="1" />
				<Option compiler="gcc" />
				<Compiler>
					<Add option="-O2" />
					<Add directory="include" />
				</Compiler>
				<Linker>
					<Add option="-s" />
				</Linker>
			</Target>
		</Build>
		<Compiler>
			<Add option="-Wall" />
			<Add option="-fexceptions" />
		</Compiler>
		<Unit filename="ases/casa1.ase" />
		<Unit filename="ases/casa2.ase" />
		<Unit filename="ases/fortaleza.ase" />
		<Unit filename="ases/pozo.ase" />
		<Unit filename="img/arenisca.jpg" />
		<Unit filename="img/nube.jpg" />
		<Unit filename="img/stone.jpg" />
		<Unit filename="img/tierra.jpg" />
		<Unit filename="include/Face.h" />
		<Unit filename="include/Normal.h" />
		<Unit filename="include/Vertex.h" />
		<Unit filename="practica4.cpp" />
		<Unit filename="sound/camelot.mp3" />
		<Unit filename="sound/pasos.wav" />
		<Unit filename="src/Face.cpp" />
		<Unit filename="src/Normal.cpp" />
		<Unit filename="src/Vertex.cpp" />
		<Extensions>
			<code_completion />
			<envvars />
			<debugger />
		</Extensions>
	</Project>
</CodeBlocks_project_file>
